
Microsoft Visual Studio Solution File, Format Version 12.00
# Visual Studio 14
VisualStudioVersion = 14.0.25420.1
MinimumVisualStudioVersion = 10.0.40219.1
Project("{FAE04EC0-301F-11D3-BF4B-00C04F79EFBC}") = "ZDB.ConsoleApplication", "ZDB.ConsoleApplication\ZDB.ConsoleApplication.csproj", "{1D27F48A-9168-468D-9E9B-2AC920E1035C}"
EndProject
Project("{FAE04EC0-301F-11D3-BF4B-00C04F79EFBC}") = "ZDB.GenerateUniqueID", "ZDB.GenerateUniqueID\ZDB.GenerateUniqueID.csproj", "{1BACA4E0-74C8-48C8-895F-2BD6BA45F08F}"
EndProject
Project("{FAE04EC0-301F-11D3-BF4B-00C04F79EFBC}") = "ZDB.DBRepository", "ZDB.DBRepository\ZDB.DBRepository.csproj", "{4FCD507E-7AF5-423F-B245-66D7020B9B19}"
EndProject
Project("{FAE04EC0-301F-11D3-BF4B-00C04F79EFBC}") = "ZDB.Redis", "ZDB.Redis\ZDB.Redis.csproj", "{371ADF6F-5399-4030-A84F-3FC1C276006E}"
EndProject
Project("{FAE04EC0-301F-11D3-BF4B-00C04F79EFBC}") = "ZDB.Images", "ZDB.Images\ZDB.Images.csproj", "{3BE956A5-F6A3-47BA-8033-2DFE6370D9E4}"
EndProject
Project("{FAE04EC0-301F-11D3-BF4B-00C04F79EFBC}") = "ZDB.GetUrlDb", "ZDB.GetUrlDb\ZDB.GetUrlDb.csproj", "{0ACD960D-3285-4AAF-B54C-9D9F7F5DC013}"
EndProject
Project("{FAE04EC0-301F-11D3-BF4B-00C04F79EFBC}") = "Md.CommonXls", "Md.CommonXls\Md.CommonXls.csproj", "{D423FE97-5E85-4D5D-8D08-F78861734ED2}"
EndProject
Project("{FAE04EC0-301F-11D3-BF4B-00C04F79EFBC}") = "ZDB.QuartzW", "ZDB.QuartzW\ZDB.QuartzW.csproj", "{75C352A7-C604-463B-A5C8-AD7137E95398}"
EndProject
Project("{FAE04EC0-301F-11D3-BF4B-00C04F79EFBC}") = "ZDB.WindowsFormsApplication1", "ZDB.WindowsFormsApplication1\ZDB.WindowsFormsApplication1.csproj", "{264F737D-5B35-420C-B578-CCB65A7F3D3D}"
EndProject
Project("{FAE04EC0-301F-11D3-BF4B-00C04F79EFBC}") = "ZDB.WebAPI", "ZDB.WebAPI\ZDB.WebAPI.csproj", "{F03F3407-50FD-4D54-9E29-0B64DAF16D87}"
EndProject
Project("{FAE04EC0-301F-11D3-BF4B-00C04F79EFBC}") = "WebApplication1", "WebApplication1\WebApplication1.csproj", "{98B0EF77-0FF8-4CD7-A1B3-0AC1155AF0AD}"
EndProject
Global
	GlobalSection(SolutionConfigurationPlatforms) = preSolution
		Debug|Any CPU = Debug|Any CPU
		Release|Any CPU = Release|Any CPU
	EndGlobalSection
	GlobalSection(ProjectConfigurationPlatforms) = postSolution
		{1D27F48A-9168-468D-9E9B-2AC920E1035C}.Debug|Any CPU.ActiveCfg = Debug|Any CPU
		{1D27F48A-9168-468D-9E9B-2AC920E1035C}.Debug|Any CPU.Build.0 = Debug|Any CPU
		{1D27F48A-9168-468D-9E9B-2AC920E1035C}.Release|Any CPU.ActiveCfg = Release|Any CPU
		{1D27F48A-9168-468D-9E9B-2AC920E1035C}.Release|Any CPU.Build.0 = Release|Any CPU
		{1BACA4E0-74C8-48C8-895F-2BD6BA45F08F}.Debug|Any CPU.ActiveCfg = Debug|Any CPU
		{1BACA4E0-74C8-48C8-895F-2BD6BA45F08F}.Debug|Any CPU.Build.0 = Debug|Any CPU
		{1BACA4E0-74C8-48C8-895F-2BD6BA45F08F}.Release|Any CPU.ActiveCfg = Release|Any CPU
		{1BACA4E0-74C8-48C8-895F-2BD6BA45F08F}.Release|Any CPU.Build.0 = Release|Any CPU
		{4FCD507E-7AF5-423F-B245-66D7020B9B19}.Debug|Any CPU.ActiveCfg = Debug|Any CPU
		{4FCD507E-7AF5-423F-B245-66D7020B9B19}.Debug|Any CPU.Build.0 = Debug|Any CPU
		{4FCD507E-7AF5-423F-B245-66D7020B9B19}.Release|Any CPU.ActiveCfg = Release|Any CPU
		{4FCD507E-7AF5-423F-B245-66D7020B9B19}.Release|Any CPU.Build.0 = Release|Any CPU
		{371ADF6F-5399-4030-A84F-3FC1C276006E}.Debug|Any CPU.ActiveCfg = Debug|Any CPU
		{371ADF6F-5399-4030-A84F-3FC1C276006E}.Debug|Any CPU.Build.0 = Debug|Any CPU
		{371ADF6F-5399-4030-A84F-3FC1C276006E}.Release|Any CPU.ActiveCfg = Release|Any CPU
		{371ADF6F-5399-4030-A84F-3FC1C276006E}.Release|Any CPU.Build.0 = Release|Any CPU
		{3BE956A5-F6A3-47BA-8033-2DFE6370D9E4}.Debug|Any CPU.ActiveCfg = Debug|Any CPU
		{3BE956A5-F6A3-47BA-8033-2DFE6370D9E4}.Debug|Any CPU.Build.0 = Debug|Any CPU
		{3BE956A5-F6A3-47BA-8033-2DFE6370D9E4}.Release|Any CPU.ActiveCfg = Release|Any CPU
		{3BE956A5-F6A3-47BA-8033-2DFE6370D9E4}.Release|Any CPU.Build.0 = Release|Any CPU
		{0ACD960D-3285-4AAF-B54C-9D9F7F5DC013}.Debug|Any CPU.ActiveCfg = Debug|Any CPU
		{0ACD960D-3285-4AAF-B54C-9D9F7F5DC013}.Debug|Any CPU.Build.0 = Debug|Any CPU
		{0ACD960D-3285-4AAF-B54C-9D9F7F5DC013}.Release|Any CPU.ActiveCfg = Release|Any CPU
		{0ACD960D-3285-4AAF-B54C-9D9F7F5DC013}.Release|Any CPU.Build.0 = Release|Any CPU
		{D423FE97-5E85-4D5D-8D08-F78861734ED2}.Debug|Any CPU.ActiveCfg = Debug|Any CPU
		{D423FE97-5E85-4D5D-8D08-F78861734ED2}.Debug|Any CPU.Build.0 = Debug|Any CPU
		{D423FE97-5E85-4D5D-8D08-F78861734ED2}.Release|Any CPU.ActiveCfg = Release|Any CPU
		{D423FE97-5E85-4D5D-8D08-F78861734ED2}.Release|Any CPU.Build.0 = Release|Any CPU
		{75C352A7-C604-463B-A5C8-AD7137E95398}.Debug|Any CPU.ActiveCfg = Debug|Any CPU
		{75C352A7-C604-463B-A5C8-AD7137E95398}.Debug|Any CPU.Build.0 = Debug|Any CPU
		{75C352A7-C604-463B-A5C8-AD7137E95398}.Release|Any CPU.ActiveCfg = Release|Any CPU
		{75C352A7-C604-463B-A5C8-AD7137E95398}.Release|Any CPU.Build.0 = Release|Any CPU
		{264F737D-5B35-420C-B578-CCB65A7F3D3D}.Debug|Any CPU.ActiveCfg = Debug|Any CPU
		{264F737D-5B35-420C-B578-CCB65A7F3D3D}.Debug|Any CPU.Build.0 = Debug|Any CPU
		{264F737D-5B35-420C-B578-CCB65A7F3D3D}.Release|Any CPU.ActiveCfg = Release|Any CPU
		{264F737D-5B35-420C-B578-CCB65A7F3D3D}.Release|Any CPU.Build.0 = Release|Any CPU
		{F03F3407-50FD-4D54-9E29-0B64DAF16D87}.Debug|Any CPU.ActiveCfg = Debug|Any CPU
		{F03F3407-50FD-4D54-9E29-0B64DAF16D87}.Debug|Any CPU.Build.0 = Debug|Any CPU
		{F03F3407-50FD-4D54-9E29-0B64DAF16D87}.Release|Any CPU.ActiveCfg = Release|Any CPU
		{F03F3407-50FD-4D54-9E29-0B64DAF16D87}.Release|Any CPU.Build.0 = Release|Any CPU
		{98B0EF77-0FF8-4CD7-A1B3-0AC1155AF0AD}.Debug|Any CPU.ActiveCfg = Debug|Any CPU
		{98B0EF77-0FF8-4CD7-A1B3-0AC1155AF0AD}.Debug|Any CPU.Build.0 = Debug|Any CPU
		{98B0EF77-0FF8-4CD7-A1B3-0AC1155AF0AD}.Release|Any CPU.ActiveCfg = Release|Any CPU
		{98B0EF77-0FF8-4CD7-A1B3-0AC1155AF0AD}.Release|Any CPU.Build.0 = Release|Any CPU
	EndGlobalSection
	GlobalSection(SolutionProperties) = preSolution
		HideSolutionNode = FALSE
	EndGlobalSection
EndGlobal
